
Microsoft Visual Studio Solution File, Format Version 12.00
# Visual Studio 15
VisualStudioVersion = 15.0.27703.2000
MinimumVisualStudioVersion = 10.0.40219.1
Project("{FAE04EC0-301F-11D3-BF4B-00C04F79EFBC}") = "Devilguard", "Devilguard\Devilguard.csproj", "{B1E7BBBE-3BAA-4EE9-8A14-D3CB1F3FCF64}"
EndProject
Global
	GlobalSection(SolutionConfigurationPlatforms) = preSolution
		Debug|Any CPU = Debug|Any CPU
		Release|Any CPU = Release|Any CPU
	EndGlobalSection
	GlobalSection(ProjectConfigurationPlatforms) = postSolution
		{B1E7BBBE-3BAA-4EE9-8A14-D3CB1F3FCF64}.Debug|Any CPU.ActiveCfg = Debug|Any CPU
		{B1E7BBBE-3BAA-4EE9-8A14-D3CB1F3FCF64}.Debug|Any CPU.Build.0 = Debug|Any CPU
		{B1E7BBBE-3BAA-4EE9-8A14-D3CB1F3FCF64}.Release|Any CPU.ActiveCfg = Release|Any CPU
		{B1E7BBBE-3BAA-4EE9-8A14-D3CB1F3FCF64}.Release|Any CPU.Build.0 = Release|Any CPU
	EndGlobalSection
	GlobalSection(SolutionProperties) = preSolution
		HideSolutionNode = FALSE
	EndGlobalSection
	GlobalSection(ExtensibilityGlobals) = postSolution
		SolutionGuid = {58ECFA3A-E855-4435-8F32-A669823B2E6D}
	EndGlobalSection
EndGlobal
